
Microsoft Visual Studio Solution File, Format Version 12.00
# Visual Studio Version 17
VisualStudioVersion = 17.7.34202.233
MinimumVisualStudioVersion = 10.0.40219.1
Project("{2150E333-8FDC-42A3-9474-1A3956D46DE8}") = "1. Resources", "1. Resources", "{78D3284F-1BFD-4C8B-9911-3765FA5CF52D}"
EndProject
Project("{FAE04EC0-301F-11D3-BF4B-00C04F79EFBC}") = "Company.Product.Module.Apis", "Company.Product.Module.Apis\Company.Product.Module.Apis.csproj", "{9D44B87F-3384-47EC-8C38-795B4CAD0B2A}"
EndProject
Project("{2150E333-8FDC-42A3-9474-1A3956D46DE8}") = "2. Application", "2. Application", "{E4C60BE4-CBBB-472E-B59F-16A5BFFC7E95}"
EndProject
Project("{FAE04EC0-301F-11D3-BF4B-00C04F79EFBC}") = "Company.Product.Module.Application", "Company.Product.Module.Application\Company.Product.Module.Application.csproj", "{89C7BC05-6837-4D42-88F9-5421C0D76ADA}"
EndProject
Project("{FAE04EC0-301F-11D3-BF4B-00C04F79EFBC}") = "Company.Product.Module.Application.Abstractions", "Company.Product.Module.Application.Abstractions\Company.Product.Module.Application.Abstractions.csproj", "{3373BA5A-A423-444F-B76E-4E0AB4C26764}"
EndProject
Project("{FAE04EC0-301F-11D3-BF4B-00C04F79EFBC}") = "Company.Product.Module.Domain", "Company.Product.Module.Domain\Company.Product.Module.Domain.csproj", "{ED89CFB3-45E7-4732-A3E8-D2F9296A1FD5}"
EndProject
Project("{FAE04EC0-301F-11D3-BF4B-00C04F79EFBC}") = "Company.Product.Module.Dto", "Company.Product.Module.Dto\Company.Product.Module.Dto.csproj", "{B5C98DC0-B0B3-47AB-B631-ACE93AF60D4D}"
EndProject
Project("{FAE04EC0-301F-11D3-BF4B-00C04F79EFBC}") = "Company.Product.Module.Entity", "Company.Product.Module.Entity\Company.Product.Module.Entity.csproj", "{541B4634-EE8A-48F0-B60F-6B71CB169D28}"
EndProject
Project("{2150E333-8FDC-42A3-9474-1A3956D46DE8}") = "3. Infraestructure", "3. Infraestructure", "{E6367B7A-7BAE-4BE1-A6DA-40216866E3CF}"
EndProject
Project("{FAE04EC0-301F-11D3-BF4B-00C04F79EFBC}") = "Company.Product.Module.Repository", "Company.Product.Module.Repository\Company.Product.Module.Repository.csproj", "{6C97D061-E97B-47C1-986E-10236C5B47A3}"
EndProject
Project("{FAE04EC0-301F-11D3-BF4B-00C04F79EFBC}") = "Company.Product.Module.Repository.Abstractions", "Company.Product.Module.Repository.Abstractions\Company.Product.Module.Repository.Abstractions.csproj", "{0FBACF20-32FE-480C-8B8E-01B6592DC896}"
EndProject
Project("{2150E333-8FDC-42A3-9474-1A3956D46DE8}") = "4. Common", "4. Common", "{6FC2BC7C-B4EE-4188-9316-8AB43BB934B3}"
EndProject
Project("{FAE04EC0-301F-11D3-BF4B-00C04F79EFBC}") = "Company.Product.Module.Common", "Company.Product.Module.Common\Company.Product.Module.Common.csproj", "{ED80E9E4-97B5-46C9-98A3-FED1C96B5892}"
EndProject
Project("{2150E333-8FDC-42A3-9474-1A3956D46DE8}") = "5. Client", "5. Client", "{A46F5CBD-6A8A-42FF-8A81-8D0386B146AE}"
EndProject
Project("{FAE04EC0-301F-11D3-BF4B-00C04F79EFBC}") = "Company.Product.Module.EmailClient", "Company.Product.Module.EmailClient\Company.Product.Module.EmailClient.csproj", "{25AA6C38-FCFC-44C2-A983-731DBB96A5A4}"
EndProject
Project("{FAE04EC0-301F-11D3-BF4B-00C04F79EFBC}") = "Company.Product.Module.RestClient", "Company.Product.Module.RestClient\Company.Product.Module.RestClient.csproj", "{4E8A2FC1-3506-4872-80FC-BFD1BBCD974B}"
EndProject
Project("{2150E333-8FDC-42A3-9474-1A3956D46DE8}") = "6. Database", "6. Database", "{2117FB24-9A10-440E-8AAD-E3D6C82D89F6}"
EndProject
Project("{FAE04EC0-301F-11D3-BF4B-00C04F79EFBC}") = "Company.Product.Module.Database", "Company.Product.Module.Database\Company.Product.Module.Database.csproj", "{99861200-7353-4BF1-85EE-F3BBA630FA7B}"
EndProject
Project("{2150E333-8FDC-42A3-9474-1A3956D46DE8}") = "7. Test", "7. Test", "{C232F296-2A1F-4D60-9D21-64F795DF5B89}"
EndProject
Project("{FAE04EC0-301F-11D3-BF4B-00C04F79EFBC}") = "Company.Product.Module.Test", "Company.Product.Module.Test\Company.Product.Module.Test.csproj", "{C2D476CB-6DD4-4D52-B613-809894F462AF}"
EndProject
Global
	GlobalSection(SolutionConfigurationPlatforms) = preSolution
		Debug|Any CPU = Debug|Any CPU
		Release|Any CPU = Release|Any CPU
	EndGlobalSection
	GlobalSection(ProjectConfigurationPlatforms) = postSolution
		{9D44B87F-3384-47EC-8C38-795B4CAD0B2A}.Debug|Any CPU.ActiveCfg = Debug|Any CPU
		{9D44B87F-3384-47EC-8C38-795B4CAD0B2A}.Debug|Any CPU.Build.0 = Debug|Any CPU
		{9D44B87F-3384-47EC-8C38-795B4CAD0B2A}.Release|Any CPU.ActiveCfg = Release|Any CPU
		{9D44B87F-3384-47EC-8C38-795B4CAD0B2A}.Release|Any CPU.Build.0 = Release|Any CPU
		{89C7BC05-6837-4D42-88F9-5421C0D76ADA}.Debug|Any CPU.ActiveCfg = Debug|Any CPU
		{89C7BC05-6837-4D42-88F9-5421C0D76ADA}.Debug|Any CPU.Build.0 = Debug|Any CPU
		{89C7BC05-6837-4D42-88F9-5421C0D76ADA}.Release|Any CPU.ActiveCfg = Release|Any CPU
		{89C7BC05-6837-4D42-88F9-5421C0D76ADA}.Release|Any CPU.Build.0 = Release|Any CPU
		{3373BA5A-A423-444F-B76E-4E0AB4C26764}.Debug|Any CPU.ActiveCfg = Debug|Any CPU
		{3373BA5A-A423-444F-B76E-4E0AB4C26764}.Debug|Any CPU.Build.0 = Debug|Any CPU
		{3373BA5A-A423-444F-B76E-4E0AB4C26764}.Release|Any CPU.ActiveCfg = Release|Any CPU
		{3373BA5A-A423-444F-B76E-4E0AB4C26764}.Release|Any CPU.Build.0 = Release|Any CPU
		{ED89CFB3-45E7-4732-A3E8-D2F9296A1FD5}.Debug|Any CPU.ActiveCfg = Debug|Any CPU
		{ED89CFB3-45E7-4732-A3E8-D2F9296A1FD5}.Debug|Any CPU.Build.0 = Debug|Any CPU
		{ED89CFB3-45E7-4732-A3E8-D2F9296A1FD5}.Release|Any CPU.ActiveCfg = Release|Any CPU
		{ED89CFB3-45E7-4732-A3E8-D2F9296A1FD5}.Release|Any CPU.Build.0 = Release|Any CPU
		{B5C98DC0-B0B3-47AB-B631-ACE93AF60D4D}.Debug|Any CPU.ActiveCfg = Debug|Any CPU
		{B5C98DC0-B0B3-47AB-B631-ACE93AF60D4D}.Debug|Any CPU.Build.0 = Debug|Any CPU
		{B5C98DC0-B0B3-47AB-B631-ACE93AF60D4D}.Release|Any CPU.ActiveCfg = Release|Any CPU
		{B5C98DC0-B0B3-47AB-B631-ACE93AF60D4D}.Release|Any CPU.Build.0 = Release|Any CPU
		{541B4634-EE8A-48F0-B60F-6B71CB169D28}.Debug|Any CPU.ActiveCfg = Debug|Any CPU
		{541B4634-EE8A-48F0-B60F-6B71CB169D28}.Debug|Any CPU.Build.0 = Debug|Any CPU
		{541B4634-EE8A-48F0-B60F-6B71CB169D28}.Release|Any CPU.ActiveCfg = Release|Any CPU
		{541B4634-EE8A-48F0-B60F-6B71CB169D28}.Release|Any CPU.Build.0 = Release|Any CPU
		{6C97D061-E97B-47C1-986E-10236C5B47A3}.Debug|Any CPU.ActiveCfg = Debug|Any CPU
		{6C97D061-E97B-47C1-986E-10236C5B47A3}.Debug|Any CPU.Build.0 = Debug|Any CPU
		{6C97D061-E97B-47C1-986E-10236C5B47A3}.Release|Any CPU.ActiveCfg = Release|Any CPU
		{6C97D061-E97B-47C1-986E-10236C5B47A3}.Release|Any CPU.Build.0 = Release|Any CPU
		{0FBACF20-32FE-480C-8B8E-01B6592DC896}.Debug|Any CPU.ActiveCfg = Debug|Any CPU
		{0FBACF20-32FE-480C-8B8E-01B6592DC896}.Debug|Any CPU.Build.0 = Debug|Any CPU
		{0FBACF20-32FE-480C-8B8E-01B6592DC896}.Release|Any CPU.ActiveCfg = Release|Any CPU
		{0FBACF20-32FE-480C-8B8E-01B6592DC896}.Release|Any CPU.Build.0 = Release|Any CPU
		{ED80E9E4-97B5-46C9-98A3-FED1C96B5892}.Debug|Any CPU.ActiveCfg = Debug|Any CPU
		{ED80E9E4-97B5-46C9-98A3-FED1C96B5892}.Debug|Any CPU.Build.0 = Debug|Any CPU
		{ED80E9E4-97B5-46C9-98A3-FED1C96B5892}.Release|Any CPU.ActiveCfg = Release|Any CPU
		{ED80E9E4-97B5-46C9-98A3-FED1C96B5892}.Release|Any CPU.Build.0 = Release|Any CPU
		{25AA6C38-FCFC-44C2-A983-731DBB96A5A4}.Debug|Any CPU.ActiveCfg = Debug|Any CPU
		{25AA6C38-FCFC-44C2-A983-731DBB96A5A4}.Debug|Any CPU.Build.0 = Debug|Any CPU
		{25AA6C38-FCFC-44C2-A983-731DBB96A5A4}.Release|Any CPU.ActiveCfg = Release|Any CPU
		{25AA6C38-FCFC-44C2-A983-731DBB96A5A4}.Release|Any CPU.Build.0 = Release|Any CPU
		{4E8A2FC1-3506-4872-80FC-BFD1BBCD974B}.Debug|Any CPU.ActiveCfg = Debug|Any CPU
		{4E8A2FC1-3506-4872-80FC-BFD1BBCD974B}.Debug|Any CPU.Build.0 = Debug|Any CPU
		{4E8A2FC1-3506-4872-80FC-BFD1BBCD974B}.Release|Any CPU.ActiveCfg = Release|Any CPU
		{4E8A2FC1-3506-4872-80FC-BFD1BBCD974B}.Release|Any CPU.Build.0 = Release|Any CPU
		{99861200-7353-4BF1-85EE-F3BBA630FA7B}.Debug|Any CPU.ActiveCfg = Debug|Any CPU
		{99861200-7353-4BF1-85EE-F3BBA630FA7B}.Debug|Any CPU.Build.0 = Debug|Any CPU
		{99861200-7353-4BF1-85EE-F3BBA630FA7B}.Release|Any CPU.ActiveCfg = Release|Any CPU
		{99861200-7353-4BF1-85EE-F3BBA630FA7B}.Release|Any CPU.Build.0 = Release|Any CPU
		{C2D476CB-6DD4-4D52-B613-809894F462AF}.Debug|Any CPU.ActiveCfg = Debug|Any CPU
		{C2D476CB-6DD4-4D52-B613-809894F462AF}.Debug|Any CPU.Build.0 = Debug|Any CPU
		{C2D476CB-6DD4-4D52-B613-809894F462AF}.Release|Any CPU.ActiveCfg = Release|Any CPU
		{C2D476CB-6DD4-4D52-B613-809894F462AF}.Release|Any CPU.Build.0 = Release|Any CPU
	EndGlobalSection
	GlobalSection(SolutionProperties) = preSolution
		HideSolutionNode = FALSE
	EndGlobalSection
	GlobalSection(NestedProjects) = preSolution
		{9D44B87F-3384-47EC-8C38-795B4CAD0B2A} = {78D3284F-1BFD-4C8B-9911-3765FA5CF52D}
		{89C7BC05-6837-4D42-88F9-5421C0D76ADA} = {E4C60BE4-CBBB-472E-B59F-16A5BFFC7E95}
		{3373BA5A-A423-444F-B76E-4E0AB4C26764} = {E4C60BE4-CBBB-472E-B59F-16A5BFFC7E95}
		{ED89CFB3-45E7-4732-A3E8-D2F9296A1FD5} = {E4C60BE4-CBBB-472E-B59F-16A5BFFC7E95}
		{B5C98DC0-B0B3-47AB-B631-ACE93AF60D4D} = {E4C60BE4-CBBB-472E-B59F-16A5BFFC7E95}
		{541B4634-EE8A-48F0-B60F-6B71CB169D28} = {E4C60BE4-CBBB-472E-B59F-16A5BFFC7E95}
		{6C97D061-E97B-47C1-986E-10236C5B47A3} = {E6367B7A-7BAE-4BE1-A6DA-40216866E3CF}
		{0FBACF20-32FE-480C-8B8E-01B6592DC896} = {E6367B7A-7BAE-4BE1-A6DA-40216866E3CF}
		{ED80E9E4-97B5-46C9-98A3-FED1C96B5892} = {6FC2BC7C-B4EE-4188-9316-8AB43BB934B3}
		{25AA6C38-FCFC-44C2-A983-731DBB96A5A4} = {A46F5CBD-6A8A-42FF-8A81-8D0386B146AE}
		{4E8A2FC1-3506-4872-80FC-BFD1BBCD974B} = {A46F5CBD-6A8A-42FF-8A81-8D0386B146AE}
		{99861200-7353-4BF1-85EE-F3BBA630FA7B} = {2117FB24-9A10-440E-8AAD-E3D6C82D89F6}
		{C2D476CB-6DD4-4D52-B613-809894F462AF} = {C232F296-2A1F-4D60-9D21-64F795DF5B89}
	EndGlobalSection
	GlobalSection(ExtensibilityGlobals) = postSolution
		SolutionGuid = {96E772E1-E9CE-4647-825A-D3AEF5610F0B}
	EndGlobalSection
EndGlobal
