
Microsoft Visual Studio Solution File, Format Version 12.00
# Visual Studio Version 17
VisualStudioVersion = 17.3.32922.545
MinimumVisualStudioVersion = 10.0.40219.1
Project("{2150E333-8FDC-42A3-9474-1A3956D46DE8}") = "1. Resources", "1. Resources", "{972033BB-F082-4D31-A00A-40A88F016FFC}"
EndProject
Project("{FAE04EC0-301F-11D3-BF4B-00C04F79EFBC}") = "Company.Product.Module.Apis", "Company.Product.Module.Apis\Company.Product.Module.Apis.csproj", "{EA818278-603B-42CB-A1C9-97A68DF09A00}"
EndProject
Project("{2150E333-8FDC-42A3-9474-1A3956D46DE8}") = "2. Application", "2. Application", "{9A79A66B-3E11-4EFD-8263-2299CD6DB0CD}"
EndProject
Project("{FAE04EC0-301F-11D3-BF4B-00C04F79EFBC}") = "Company.Product.Module.Application", "Company.Product.Module.Application\Company.Product.Module.Application.csproj", "{15981639-0B12-44E1-B350-8653F956BA7D}"
EndProject
Project("{FAE04EC0-301F-11D3-BF4B-00C04F79EFBC}") = "Company.Product.Module.Application.Abstractions", "Company.Product.Module.Application.Abstractions\Company.Product.Module.Application.Abstractions.csproj", "{C35C2B7E-3B26-447F-824A-A83581567F06}"
EndProject
Project("{FAE04EC0-301F-11D3-BF4B-00C04F79EFBC}") = "Company.Product.Module.Domain", "Company.Product.Module.Domain\Company.Product.Module.Domain.csproj", "{B93E63F4-63A4-4D8B-AADA-700DC2F63B5D}"
EndProject
Project("{FAE04EC0-301F-11D3-BF4B-00C04F79EFBC}") = "Company.Product.Module.Dto", "Company.Product.Module.Dto\Company.Product.Module.Dto.csproj", "{EEBDFD7F-4269-4D50-865A-338153981EDC}"
EndProject
Project("{FAE04EC0-301F-11D3-BF4B-00C04F79EFBC}") = "Company.Product.Module.Entity", "Company.Product.Module.Entity\Company.Product.Module.Entity.csproj", "{1E28A5EE-9A83-42D4-BD07-A4D6C7F3E3A5}"
EndProject
Project("{2150E333-8FDC-42A3-9474-1A3956D46DE8}") = "3. Infraestructure", "3. Infraestructure", "{82E4B588-E5FC-4435-9A9D-DEA3210B8292}"
EndProject
Project("{FAE04EC0-301F-11D3-BF4B-00C04F79EFBC}") = "Company.Product.Module.Repository", "Company.Product.Module.Repository\Company.Product.Module.Repository.csproj", "{5EAB44B9-ED41-4162-876A-00C496A0DF58}"
EndProject
Project("{FAE04EC0-301F-11D3-BF4B-00C04F79EFBC}") = "Company.Product.Module.Repository.Abstractions", "Company.Product.Module.Repository.Abstractions\Company.Product.Module.Repository.Abstractions.csproj", "{CDA2E4B4-2AAA-488C-A8F0-DA7FCA6D57F0}"
EndProject
Project("{2150E333-8FDC-42A3-9474-1A3956D46DE8}") = "4. Common", "4. Common", "{B3EED5DD-BD45-46F2-A04C-ED12E69235E7}"
EndProject
Project("{FAE04EC0-301F-11D3-BF4B-00C04F79EFBC}") = "Company.Product.Module.Common", "Company.Product.Module.Common\Company.Product.Module.Common.csproj", "{C95C004A-87AB-4CE6-BCD6-B05D95EDD00E}"
EndProject
Project("{2150E333-8FDC-42A3-9474-1A3956D46DE8}") = "5. Client", "5. Client", "{0474D4DE-4205-42AA-AC20-410986C0BC08}"
EndProject
Project("{FAE04EC0-301F-11D3-BF4B-00C04F79EFBC}") = "Company.Product.Module.EmailClient", "Company.Product.Module.EmailClient\Company.Product.Module.EmailClient.csproj", "{94DAD7A6-BC01-4053-9A58-675FF71DDC5E}"
EndProject
Project("{FAE04EC0-301F-11D3-BF4B-00C04F79EFBC}") = "Company.Product.Module.RestClient", "Company.Product.Module.RestClient\Company.Product.Module.RestClient.csproj", "{D2229584-20E1-4023-80E0-6896E2B1C98F}"
EndProject
Project("{2150E333-8FDC-42A3-9474-1A3956D46DE8}") = "6. Database", "6. Database", "{5640A5FC-AE6D-482E-AC13-FD09C9CF0EEC}"
EndProject
Project("{FAE04EC0-301F-11D3-BF4B-00C04F79EFBC}") = "Company.Product.Module.Database", "Company.Product.Module.Database\Company.Product.Module.Database.csproj", "{C25B6140-A11B-4098-AD2D-87B5FAF4581F}"
EndProject
Project("{2150E333-8FDC-42A3-9474-1A3956D46DE8}") = "7. Test", "7. Test", "{50026860-F2D7-4ECA-8FF9-751497F90EE7}"
EndProject
Project("{FAE04EC0-301F-11D3-BF4B-00C04F79EFBC}") = "Company.Product.Module.Test", "Company.Product.Module.Test\Company.Product.Module.Test.csproj", "{18A3F23E-B859-4804-92DD-5E9002686F3B}"
EndProject
Global
	GlobalSection(SolutionConfigurationPlatforms) = preSolution
		Debug|Any CPU = Debug|Any CPU
		Release|Any CPU = Release|Any CPU
	EndGlobalSection
	GlobalSection(ProjectConfigurationPlatforms) = postSolution
		{EA818278-603B-42CB-A1C9-97A68DF09A00}.Debug|Any CPU.ActiveCfg = Debug|Any CPU
		{EA818278-603B-42CB-A1C9-97A68DF09A00}.Debug|Any CPU.Build.0 = Debug|Any CPU
		{EA818278-603B-42CB-A1C9-97A68DF09A00}.Release|Any CPU.ActiveCfg = Release|Any CPU
		{EA818278-603B-42CB-A1C9-97A68DF09A00}.Release|Any CPU.Build.0 = Release|Any CPU
		{15981639-0B12-44E1-B350-8653F956BA7D}.Debug|Any CPU.ActiveCfg = Debug|Any CPU
		{15981639-0B12-44E1-B350-8653F956BA7D}.Debug|Any CPU.Build.0 = Debug|Any CPU
		{15981639-0B12-44E1-B350-8653F956BA7D}.Release|Any CPU.ActiveCfg = Release|Any CPU
		{15981639-0B12-44E1-B350-8653F956BA7D}.Release|Any CPU.Build.0 = Release|Any CPU
		{C35C2B7E-3B26-447F-824A-A83581567F06}.Debug|Any CPU.ActiveCfg = Debug|Any CPU
		{C35C2B7E-3B26-447F-824A-A83581567F06}.Debug|Any CPU.Build.0 = Debug|Any CPU
		{C35C2B7E-3B26-447F-824A-A83581567F06}.Release|Any CPU.ActiveCfg = Release|Any CPU
		{C35C2B7E-3B26-447F-824A-A83581567F06}.Release|Any CPU.Build.0 = Release|Any CPU
		{B93E63F4-63A4-4D8B-AADA-700DC2F63B5D}.Debug|Any CPU.ActiveCfg = Debug|Any CPU
		{B93E63F4-63A4-4D8B-AADA-700DC2F63B5D}.Debug|Any CPU.Build.0 = Debug|Any CPU
		{B93E63F4-63A4-4D8B-AADA-700DC2F63B5D}.Release|Any CPU.ActiveCfg = Release|Any CPU
		{B93E63F4-63A4-4D8B-AADA-700DC2F63B5D}.Release|Any CPU.Build.0 = Release|Any CPU
		{EEBDFD7F-4269-4D50-865A-338153981EDC}.Debug|Any CPU.ActiveCfg = Debug|Any CPU
		{EEBDFD7F-4269-4D50-865A-338153981EDC}.Debug|Any CPU.Build.0 = Debug|Any CPU
		{EEBDFD7F-4269-4D50-865A-338153981EDC}.Release|Any CPU.ActiveCfg = Release|Any CPU
		{EEBDFD7F-4269-4D50-865A-338153981EDC}.Release|Any CPU.Build.0 = Release|Any CPU
		{1E28A5EE-9A83-42D4-BD07-A4D6C7F3E3A5}.Debug|Any CPU.ActiveCfg = Debug|Any CPU
		{1E28A5EE-9A83-42D4-BD07-A4D6C7F3E3A5}.Debug|Any CPU.Build.0 = Debug|Any CPU
		{1E28A5EE-9A83-42D4-BD07-A4D6C7F3E3A5}.Release|Any CPU.ActiveCfg = Release|Any CPU
		{1E28A5EE-9A83-42D4-BD07-A4D6C7F3E3A5}.Release|Any CPU.Build.0 = Release|Any CPU
		{5EAB44B9-ED41-4162-876A-00C496A0DF58}.Debug|Any CPU.ActiveCfg = Debug|Any CPU
		{5EAB44B9-ED41-4162-876A-00C496A0DF58}.Debug|Any CPU.Build.0 = Debug|Any CPU
		{5EAB44B9-ED41-4162-876A-00C496A0DF58}.Release|Any CPU.ActiveCfg = Release|Any CPU
		{5EAB44B9-ED41-4162-876A-00C496A0DF58}.Release|Any CPU.Build.0 = Release|Any CPU
		{CDA2E4B4-2AAA-488C-A8F0-DA7FCA6D57F0}.Debug|Any CPU.ActiveCfg = Debug|Any CPU
		{CDA2E4B4-2AAA-488C-A8F0-DA7FCA6D57F0}.Debug|Any CPU.Build.0 = Debug|Any CPU
		{CDA2E4B4-2AAA-488C-A8F0-DA7FCA6D57F0}.Release|Any CPU.ActiveCfg = Release|Any CPU
		{CDA2E4B4-2AAA-488C-A8F0-DA7FCA6D57F0}.Release|Any CPU.Build.0 = Release|Any CPU
		{C95C004A-87AB-4CE6-BCD6-B05D95EDD00E}.Debug|Any CPU.ActiveCfg = Debug|Any CPU
		{C95C004A-87AB-4CE6-BCD6-B05D95EDD00E}.Debug|Any CPU.Build.0 = Debug|Any CPU
		{C95C004A-87AB-4CE6-BCD6-B05D95EDD00E}.Release|Any CPU.ActiveCfg = Release|Any CPU
		{C95C004A-87AB-4CE6-BCD6-B05D95EDD00E}.Release|Any CPU.Build.0 = Release|Any CPU
		{94DAD7A6-BC01-4053-9A58-675FF71DDC5E}.Debug|Any CPU.ActiveCfg = Debug|Any CPU
		{94DAD7A6-BC01-4053-9A58-675FF71DDC5E}.Debug|Any CPU.Build.0 = Debug|Any CPU
		{94DAD7A6-BC01-4053-9A58-675FF71DDC5E}.Release|Any CPU.ActiveCfg = Release|Any CPU
		{94DAD7A6-BC01-4053-9A58-675FF71DDC5E}.Release|Any CPU.Build.0 = Release|Any CPU
		{D2229584-20E1-4023-80E0-6896E2B1C98F}.Debug|Any CPU.ActiveCfg = Debug|Any CPU
		{D2229584-20E1-4023-80E0-6896E2B1C98F}.Debug|Any CPU.Build.0 = Debug|Any CPU
		{D2229584-20E1-4023-80E0-6896E2B1C98F}.Release|Any CPU.ActiveCfg = Release|Any CPU
		{D2229584-20E1-4023-80E0-6896E2B1C98F}.Release|Any CPU.Build.0 = Release|Any CPU
		{C25B6140-A11B-4098-AD2D-87B5FAF4581F}.Debug|Any CPU.ActiveCfg = Debug|Any CPU
		{C25B6140-A11B-4098-AD2D-87B5FAF4581F}.Debug|Any CPU.Build.0 = Debug|Any CPU
		{C25B6140-A11B-4098-AD2D-87B5FAF4581F}.Release|Any CPU.ActiveCfg = Release|Any CPU
		{C25B6140-A11B-4098-AD2D-87B5FAF4581F}.Release|Any CPU.Build.0 = Release|Any CPU
		{18A3F23E-B859-4804-92DD-5E9002686F3B}.Debug|Any CPU.ActiveCfg = Debug|Any CPU
		{18A3F23E-B859-4804-92DD-5E9002686F3B}.Debug|Any CPU.Build.0 = Debug|Any CPU
		{18A3F23E-B859-4804-92DD-5E9002686F3B}.Release|Any CPU.ActiveCfg = Release|Any CPU
		{18A3F23E-B859-4804-92DD-5E9002686F3B}.Release|Any CPU.Build.0 = Release|Any CPU
	EndGlobalSection
	GlobalSection(SolutionProperties) = preSolution
		HideSolutionNode = FALSE
	EndGlobalSection
	GlobalSection(NestedProjects) = preSolution
		{EA818278-603B-42CB-A1C9-97A68DF09A00} = {972033BB-F082-4D31-A00A-40A88F016FFC}
		{15981639-0B12-44E1-B350-8653F956BA7D} = {9A79A66B-3E11-4EFD-8263-2299CD6DB0CD}
		{C35C2B7E-3B26-447F-824A-A83581567F06} = {9A79A66B-3E11-4EFD-8263-2299CD6DB0CD}
		{B93E63F4-63A4-4D8B-AADA-700DC2F63B5D} = {9A79A66B-3E11-4EFD-8263-2299CD6DB0CD}
		{EEBDFD7F-4269-4D50-865A-338153981EDC} = {9A79A66B-3E11-4EFD-8263-2299CD6DB0CD}
		{1E28A5EE-9A83-42D4-BD07-A4D6C7F3E3A5} = {9A79A66B-3E11-4EFD-8263-2299CD6DB0CD}
		{5EAB44B9-ED41-4162-876A-00C496A0DF58} = {82E4B588-E5FC-4435-9A9D-DEA3210B8292}
		{CDA2E4B4-2AAA-488C-A8F0-DA7FCA6D57F0} = {82E4B588-E5FC-4435-9A9D-DEA3210B8292}
		{C95C004A-87AB-4CE6-BCD6-B05D95EDD00E} = {B3EED5DD-BD45-46F2-A04C-ED12E69235E7}
		{94DAD7A6-BC01-4053-9A58-675FF71DDC5E} = {0474D4DE-4205-42AA-AC20-410986C0BC08}
		{D2229584-20E1-4023-80E0-6896E2B1C98F} = {0474D4DE-4205-42AA-AC20-410986C0BC08}
		{C25B6140-A11B-4098-AD2D-87B5FAF4581F} = {5640A5FC-AE6D-482E-AC13-FD09C9CF0EEC}
		{18A3F23E-B859-4804-92DD-5E9002686F3B} = {50026860-F2D7-4ECA-8FF9-751497F90EE7}
	EndGlobalSection
	GlobalSection(ExtensibilityGlobals) = postSolution
		SolutionGuid = {DF3B552A-8FDC-47E2-9383-EA6D9F5F2B2E}
	EndGlobalSection
EndGlobal
